// !$*UTF8*$!
{
	archiveVersion = 1;
	classes = {
	};
	objectVersion = 46;
	objects = {

/* Begin PBXBuildFile section */
		15FB8C331CF8F78700FFF99D /* Action.swift in Sources */ = {isa = PBXBuildFile; fileRef = 15FB8C321CF8F78700FFF99D /* Action.swift */; };
		15FE300D1CDBC2B5005BE6CC /* AppDelegate.swift in Sources */ = {isa = PBXBuildFile; fileRef = 15FE300C1CDBC2B5005BE6CC /* AppDelegate.swift */; };
		15FE30151CDBC2B5005BE6CC /* Muziklen.xcdatamodeld in Sources */ = {isa = PBXBuildFile; fileRef = 15FE30131CDBC2B5005BE6CC /* Muziklen.xcdatamodeld */; };
		15FE30171CDBC2B5005BE6CC /* Assets.xcassets in Resources */ = {isa = PBXBuildFile; fileRef = 15FE30161CDBC2B5005BE6CC /* Assets.xcassets */; };
		15FE301A1CDBC2B5005BE6CC /* LaunchScreen.storyboard in Resources */ = {isa = PBXBuildFile; fileRef = 15FE30181CDBC2B5005BE6CC /* LaunchScreen.storyboard */; };
		15FE30251CDBC2B5005BE6CC /* MListViewControllerTests.swift in Sources */ = {isa = PBXBuildFile; fileRef = 15FE30241CDBC2B5005BE6CC /* MListViewControllerTests.swift */; };
		15FE30301CDBC2B5005BE6CC /* MuziklenUITests.swift in Sources */ = {isa = PBXBuildFile; fileRef = 15FE302F1CDBC2B5005BE6CC /* MuziklenUITests.swift */; };
		15FE303E1CDBC603005BE6CC /* MListViewController.swift in Sources */ = {isa = PBXBuildFile; fileRef = 15FE303D1CDBC603005BE6CC /* MListViewController.swift */; };
		15FE30461CDBC91B005BE6CC /* Artist.swift in Sources */ = {isa = PBXBuildFile; fileRef = 15FE30451CDBC91B005BE6CC /* Artist.swift */; };
		15FE30481CDF2AAB005BE6CC /* MArtistListCell.swift in Sources */ = {isa = PBXBuildFile; fileRef = 15FE30471CDF2AAA005BE6CC /* MArtistListCell.swift */; };
		15FE304A1CE22462005BE6CC /* MArtistListCell.xib in Resources */ = {isa = PBXBuildFile; fileRef = 15FE30491CE22462005BE6CC /* MArtistListCell.xib */; };
		15FE304C1CE23096005BE6CC /* App.swift in Sources */ = {isa = PBXBuildFile; fileRef = 15FE304B1CE23096005BE6CC /* App.swift */; };
		15FE304F1CE23CAC005BE6CC /* MAlbumListCell.swift in Sources */ = {isa = PBXBuildFile; fileRef = 15FE304D1CE23CAC005BE6CC /* MAlbumListCell.swift */; };
		15FE30501CE23CAC005BE6CC /* MAlbumListCell.xib in Resources */ = {isa = PBXBuildFile; fileRef = 15FE304E1CE23CAC005BE6CC /* MAlbumListCell.xib */; };
		15FE30551CE24F90005BE6CC /* MTrackListCell.swift in Sources */ = {isa = PBXBuildFile; fileRef = 15FE30531CE24F90005BE6CC /* MTrackListCell.swift */; };
		15FE30561CE24F90005BE6CC /* MTrackListCell.xib in Resources */ = {isa = PBXBuildFile; fileRef = 15FE30541CE24F90005BE6CC /* MTrackListCell.xib */; };
		15FE305A1CE70599005BE6CC /* Api.swift in Sources */ = {isa = PBXBuildFile; fileRef = 15FE30591CE70599005BE6CC /* Api.swift */; };
		15FE305C1CE73B89005BE6CC /* Publisher.swift in Sources */ = {isa = PBXBuildFile; fileRef = 15FE305B1CE73B89005BE6CC /* Publisher.swift */; };
		5FF40605D79FED22B1591E15 /* Pods_Muziklen.framework in Frameworks */ = {isa = PBXBuildFile; fileRef = EB4158A85B6DC53A68117C7A /* Pods_Muziklen.framework */; };
/* End PBXBuildFile section */

/* Begin PBXContainerItemProxy section */
		15FE30211CDBC2B5005BE6CC /* PBXContainerItemProxy */ = {
			isa = PBXContainerItemProxy;
			containerPortal = 15FE30011CDBC2B5005BE6CC /* Project object */;
			proxyType = 1;
			remoteGlobalIDString = 15FE30081CDBC2B5005BE6CC;
			remoteInfo = Muziklen;
		};
		15FE302C1CDBC2B5005BE6CC /* PBXContainerItemProxy */ = {
			isa = PBXContainerItemProxy;
			containerPortal = 15FE30011CDBC2B5005BE6CC /* Project object */;
			proxyType = 1;
			remoteGlobalIDString = 15FE30081CDBC2B5005BE6CC;
			remoteInfo = Muziklen;
		};
/* End PBXContainerItemProxy section */

/* Begin PBXFileReference section */
		15FB8C321CF8F78700FFF99D /* Action.swift */ = {isa = PBXFileReference; fileEncoding = 4; lastKnownFileType = sourcecode.swift; name = Action.swift; path = Muziklen/Action.swift; sourceTree = "<group>"; };
		15FE30091CDBC2B5005BE6CC /* Muziklen.app */ = {isa = PBXFileReference; explicitFileType = wrapper.application; includeInIndex = 0; path = Muziklen.app; sourceTree = BUILT_PRODUCTS_DIR; };
		15FE300C1CDBC2B5005BE6CC /* AppDelegate.swift */ = {isa = PBXFileReference; lastKnownFileType = sourcecode.swift; path = AppDelegate.swift; sourceTree = "<group>"; };
		15FE30141CDBC2B5005BE6CC /* Muziklen.xcdatamodel */ = {isa = PBXFileReference; lastKnownFileType = wrapper.xcdatamodel; path = Muziklen.xcdatamodel; sourceTree = "<group>"; };
		15FE30161CDBC2B5005BE6CC /* Assets.xcassets */ = {isa = PBXFileReference; lastKnownFileType = folder.assetcatalog; path = Assets.xcassets; sourceTree = "<group>"; };
		15FE30191CDBC2B5005BE6CC /* Base */ = {isa = PBXFileReference; lastKnownFileType = file.storyboard; name = Base; path = Base.lproj/LaunchScreen.storyboard; sourceTree = "<group>"; };
		15FE301B1CDBC2B5005BE6CC /* Info.plist */ = {isa = PBXFileReference; lastKnownFileType = text.plist.xml; path = Info.plist; sourceTree = "<group>"; };
		15FE30201CDBC2B5005BE6CC /* MuziklenTests.xctest */ = {isa = PBXFileReference; explicitFileType = wrapper.cfbundle; includeInIndex = 0; path = MuziklenTests.xctest; sourceTree = BUILT_PRODUCTS_DIR; };
		15FE30241CDBC2B5005BE6CC /* MListViewControllerTests.swift */ = {isa = PBXFileReference; lastKnownFileType = sourcecode.swift; path = MListViewControllerTests.swift; sourceTree = "<group>"; };
		15FE30261CDBC2B5005BE6CC /* Info.plist */ = {isa = PBXFileReference; lastKnownFileType = text.plist.xml; path = Info.plist; sourceTree = "<group>"; };
		15FE302B1CDBC2B5005BE6CC /* MuziklenUITests.xctest */ = {isa = PBXFileReference; explicitFileType = wrapper.cfbundle; includeInIndex = 0; path = MuziklenUITests.xctest; sourceTree = BUILT_PRODUCTS_DIR; };
		15FE302F1CDBC2B5005BE6CC /* MuziklenUITests.swift */ = {isa = PBXFileReference; lastKnownFileType = sourcecode.swift; path = MuziklenUITests.swift; sourceTree = "<group>"; };
		15FE30311CDBC2B5005BE6CC /* Info.plist */ = {isa = PBXFileReference; lastKnownFileType = text.plist.xml; path = Info.plist; sourceTree = "<group>"; };
		15FE303D1CDBC603005BE6CC /* MListViewController.swift */ = {isa = PBXFileReference; fileEncoding = 4; lastKnownFileType = sourcecode.swift; name = MListViewController.swift; path = Muziklen/MListViewController.swift; sourceTree = "<group>"; };
		15FE30451CDBC91B005BE6CC /* Artist.swift */ = {isa = PBXFileReference; fileEncoding = 4; lastKnownFileType = sourcecode.swift; name = Artist.swift; path = Muziklen/Artist.swift; sourceTree = "<group>"; };
		15FE30471CDF2AAA005BE6CC /* MArtistListCell.swift */ = {isa = PBXFileReference; fileEncoding = 4; lastKnownFileType = sourcecode.swift; name = MArtistListCell.swift; path = Muziklen/MArtistListCell.swift; sourceTree = "<group>"; };
		15FE30491CE22462005BE6CC /* MArtistListCell.xib */ = {isa = PBXFileReference; fileEncoding = 4; lastKnownFileType = file.xib; name = MArtistListCell.xib; path = Muziklen/MArtistListCell.xib; sourceTree = "<group>"; };
		15FE304B1CE23096005BE6CC /* App.swift */ = {isa = PBXFileReference; fileEncoding = 4; lastKnownFileType = sourcecode.swift; path = App.swift; sourceTree = "<group>"; };
		15FE304D1CE23CAC005BE6CC /* MAlbumListCell.swift */ = {isa = PBXFileReference; fileEncoding = 4; lastKnownFileType = sourcecode.swift; name = MAlbumListCell.swift; path = Muziklen/MAlbumListCell.swift; sourceTree = "<group>"; };
		15FE304E1CE23CAC005BE6CC /* MAlbumListCell.xib */ = {isa = PBXFileReference; fileEncoding = 4; lastKnownFileType = file.xib; name = MAlbumListCell.xib; path = Muziklen/MAlbumListCell.xib; sourceTree = "<group>"; };
		15FE30531CE24F90005BE6CC /* MTrackListCell.swift */ = {isa = PBXFileReference; fileEncoding = 4; lastKnownFileType = sourcecode.swift; name = MTrackListCell.swift; path = Muziklen/MTrackListCell.swift; sourceTree = "<group>"; };
		15FE30541CE24F90005BE6CC /* MTrackListCell.xib */ = {isa = PBXFileReference; fileEncoding = 4; lastKnownFileType = file.xib; name = MTrackListCell.xib; path = Muziklen/MTrackListCell.xib; sourceTree = "<group>"; };
		15FE30591CE70599005BE6CC /* Api.swift */ = {isa = PBXFileReference; fileEncoding = 4; lastKnownFileType = sourcecode.swift; path = Api.swift; sourceTree = "<group>"; };
		15FE305B1CE73B89005BE6CC /* Publisher.swift */ = {isa = PBXFileReference; fileEncoding = 4; lastKnownFileType = sourcecode.swift; path = Publisher.swift; sourceTree = "<group>"; };
		23AB580B4DE68B4746399946 /* Pods-Muziklen.debug.xcconfig */ = {isa = PBXFileReference; includeInIndex = 1; lastKnownFileType = text.xcconfig; name = "Pods-Muziklen.debug.xcconfig"; path = "Pods/Target Support Files/Pods-Muziklen/Pods-Muziklen.debug.xcconfig"; sourceTree = "<group>"; };
		AE8DE55374E3292D85952ED5 /* Pods-Muziklen.release.xcconfig */ = {isa = PBXFileReference; includeInIndex = 1; lastKnownFileType = text.xcconfig; name = "Pods-Muziklen.release.xcconfig"; path = "Pods/Target Support Files/Pods-Muziklen/Pods-Muziklen.release.xcconfig"; sourceTree = "<group>"; };
		EB4158A85B6DC53A68117C7A /* Pods_Muziklen.framework */ = {isa = PBXFileReference; explicitFileType = wrapper.framework; includeInIndex = 0; path = Pods_Muziklen.framework; sourceTree = BUILT_PRODUCTS_DIR; };
/* End PBXFileReference section */

/* Begin PBXFrameworksBuildPhase section */
		15FE30061CDBC2B5005BE6CC /* Frameworks */ = {
			isa = PBXFrameworksBuildPhase;
			buildActionMask = 2147483647;
			files = (
				5FF40605D79FED22B1591E15 /* Pods_Muziklen.framework in Frameworks */,
			);
			runOnlyForDeploymentPostprocessing = 0;
		};
		15FE301D1CDBC2B5005BE6CC /* Frameworks */ = {
			isa = PBXFrameworksBuildPhase;
			buildActionMask = 2147483647;
			files = (
			);
			runOnlyForDeploymentPostprocessing = 0;
		};
		15FE30281CDBC2B5005BE6CC /* Frameworks */ = {
			isa = PBXFrameworksBuildPhase;
			buildActionMask = 2147483647;
			files = (
			);
			runOnlyForDeploymentPostprocessing = 0;
		};
/* End PBXFrameworksBuildPhase section */

/* Begin PBXGroup section */
		15FE30001CDBC2B5005BE6CC = {
			isa = PBXGroup;
			children = (
				15FE300B1CDBC2B5005BE6CC /* Muziklen */,
				15FE303F1CDBC658005BE6CC /* UI */,
				15FE30401CDBC692005BE6CC /* Model */,
				15FE30231CDBC2B5005BE6CC /* MuziklenTests */,
				15FE302E1CDBC2B5005BE6CC /* MuziklenUITests */,
				15FE300A1CDBC2B5005BE6CC /* Products */,
				53BE597A60806F56CA0197C4 /* Pods */,
				6EA70930C6D4C7C7245522BA /* Frameworks */,
			);
			sourceTree = "<group>";
		};
		15FE300A1CDBC2B5005BE6CC /* Products */ = {
			isa = PBXGroup;
			children = (
				15FE30091CDBC2B5005BE6CC /* Muziklen.app */,
				15FE30201CDBC2B5005BE6CC /* MuziklenTests.xctest */,
				15FE302B1CDBC2B5005BE6CC /* MuziklenUITests.xctest */,
			);
			name = Products;
			sourceTree = "<group>";
		};
		15FE300B1CDBC2B5005BE6CC /* Muziklen */ = {
			isa = PBXGroup;
			children = (
				15FE305B1CE73B89005BE6CC /* Publisher.swift */,
				15FE30161CDBC2B5005BE6CC /* Assets.xcassets */,
				15FE30181CDBC2B5005BE6CC /* LaunchScreen.storyboard */,
				15FE301B1CDBC2B5005BE6CC /* Info.plist */,
				15FE30131CDBC2B5005BE6CC /* Muziklen.xcdatamodeld */,
				15FE300C1CDBC2B5005BE6CC /* AppDelegate.swift */,
				15FE304B1CE23096005BE6CC /* App.swift */,
				15FE30591CE70599005BE6CC /* Api.swift */,
			);
			path = Muziklen;
			sourceTree = "<group>";
		};
		15FE30231CDBC2B5005BE6CC /* MuziklenTests */ = {
			isa = PBXGroup;
			children = (
				15FE30241CDBC2B5005BE6CC /* MListViewControllerTests.swift */,
				15FE30261CDBC2B5005BE6CC /* Info.plist */,
			);
			path = MuziklenTests;
			sourceTree = "<group>";
		};
		15FE302E1CDBC2B5005BE6CC /* MuziklenUITests */ = {
			isa = PBXGroup;
			children = (
				15FE302F1CDBC2B5005BE6CC /* MuziklenUITests.swift */,
				15FE30311CDBC2B5005BE6CC /* Info.plist */,
			);
			path = MuziklenUITests;
			sourceTree = "<group>";
		};
		15FE303F1CDBC658005BE6CC /* UI */ = {
			isa = PBXGroup;
			children = (
				15FE303D1CDBC603005BE6CC /* MListViewController.swift */,
				15FE30471CDF2AAA005BE6CC /* MArtistListCell.swift */,
				15FE30491CE22462005BE6CC /* MArtistListCell.xib */,
				15FE304D1CE23CAC005BE6CC /* MAlbumListCell.swift */,
				15FE304E1CE23CAC005BE6CC /* MAlbumListCell.xib */,
				15FE30531CE24F90005BE6CC /* MTrackListCell.swift */,
				15FE30541CE24F90005BE6CC /* MTrackListCell.xib */,
			);
			name = UI;
			sourceTree = "<group>";
		};
		15FE30401CDBC692005BE6CC /* Model */ = {
			isa = PBXGroup;
			children = (
				15FE30451CDBC91B005BE6CC /* Artist.swift */,
				15FB8C321CF8F78700FFF99D /* Action.swift */,
			);
			name = Model;
			sourceTree = "<group>";
		};
		53BE597A60806F56CA0197C4 /* Pods */ = {
			isa = PBXGroup;
			children = (
				23AB580B4DE68B4746399946 /* Pods-Muziklen.debug.xcconfig */,
				AE8DE55374E3292D85952ED5 /* Pods-Muziklen.release.xcconfig */,
			);
			name = Pods;
			sourceTree = "<group>";
		};
		6EA70930C6D4C7C7245522BA /* Frameworks */ = {
			isa = PBXGroup;
			children = (
				EB4158A85B6DC53A68117C7A /* Pods_Muziklen.framework */,
			);
			name = Frameworks;
			sourceTree = "<group>";
		};
/* End PBXGroup section */

/* Begin PBXNativeTarget section */
		15FE30081CDBC2B5005BE6CC /* Muziklen */ = {
			isa = PBXNativeTarget;
			buildConfigurationList = 15FE30341CDBC2B5005BE6CC /* Build configuration list for PBXNativeTarget "Muziklen" */;
			buildPhases = (
				D169D2267E18A79C8E562C67 /* Check Pods Manifest.lock */,
				15FE30051CDBC2B5005BE6CC /* Sources */,
				15FE30061CDBC2B5005BE6CC /* Frameworks */,
				15FE30071CDBC2B5005BE6CC /* Resources */,
				7217BF02788585DEEABA97CB /* Embed Pods Frameworks */,
				BDE5BD20B24A1390B64DCCBF /* Copy Pods Resources */,
			);
			buildRules = (
			);
			dependencies = (
			);
			name = Muziklen;
			productName = Muziklen;
			productReference = 15FE30091CDBC2B5005BE6CC /* Muziklen.app */;
			productType = "com.apple.product-type.application";
		};
		15FE301F1CDBC2B5005BE6CC /* MuziklenTests */ = {
			isa = PBXNativeTarget;
			buildConfigurationList = 15FE30371CDBC2B5005BE6CC /* Build configuration list for PBXNativeTarget "MuziklenTests" */;
			buildPhases = (
				15FE301C1CDBC2B5005BE6CC /* Sources */,
				15FE301D1CDBC2B5005BE6CC /* Frameworks */,
				15FE301E1CDBC2B5005BE6CC /* Resources */,
			);
			buildRules = (
			);
			dependencies = (
				15FE30221CDBC2B5005BE6CC /* PBXTargetDependency */,
			);
			name = MuziklenTests;
			productName = MuziklenTests;
			productReference = 15FE30201CDBC2B5005BE6CC /* MuziklenTests.xctest */;
			productType = "com.apple.product-type.bundle.unit-test";
		};
		15FE302A1CDBC2B5005BE6CC /* MuziklenUITests */ = {
			isa = PBXNativeTarget;
			buildConfigurationList = 15FE303A1CDBC2B5005BE6CC /* Build configuration list for PBXNativeTarget "MuziklenUITests" */;
			buildPhases = (
				15FE30271CDBC2B5005BE6CC /* Sources */,
				15FE30281CDBC2B5005BE6CC /* Frameworks */,
				15FE30291CDBC2B5005BE6CC /* Resources */,
			);
			buildRules = (
			);
			dependencies = (
				15FE302D1CDBC2B5005BE6CC /* PBXTargetDependency */,
			);
			name = MuziklenUITests;
			productName = MuziklenUITests;
			productReference = 15FE302B1CDBC2B5005BE6CC /* MuziklenUITests.xctest */;
			productType = "com.apple.product-type.bundle.ui-testing";
		};
/* End PBXNativeTarget section */

/* Begin PBXProject section */
		15FE30011CDBC2B5005BE6CC /* Project object */ = {
			isa = PBXProject;
			attributes = {
				LastSwiftUpdateCheck = 0730;
				LastUpgradeCheck = 0730;
				ORGANIZATIONNAME = "Evren Yortuçboylu";
				TargetAttributes = {
					15FE30081CDBC2B5005BE6CC = {
						CreatedOnToolsVersion = 7.3;
					};
					15FE301F1CDBC2B5005BE6CC = {
						CreatedOnToolsVersion = 7.3;
						TestTargetID = 15FE30081CDBC2B5005BE6CC;
					};
					15FE302A1CDBC2B5005BE6CC = {
						CreatedOnToolsVersion = 7.3;
						TestTargetID = 15FE30081CDBC2B5005BE6CC;
					};
				};
			};
			buildConfigurationList = 15FE30041CDBC2B5005BE6CC /* Build configuration list for PBXProject "Muziklen" */;
			compatibilityVersion = "Xcode 3.2";
			developmentRegion = English;
			hasScannedForEncodings = 0;
			knownRegions = (
				en,
				Base,
			);
			mainGroup = 15FE30001CDBC2B5005BE6CC;
			productRefGroup = 15FE300A1CDBC2B5005BE6CC /* Products */;
			projectDirPath = "";
			projectRoot = "";
			targets = (
				15FE30081CDBC2B5005BE6CC /* Muziklen */,
				15FE301F1CDBC2B5005BE6CC /* MuziklenTests */,
				15FE302A1CDBC2B5005BE6CC /* MuziklenUITests */,
			);
		};
/* End PBXProject section */

/* Begin PBXResourcesBuildPhase section */
		15FE30071CDBC2B5005BE6CC /* Resources */ = {
			isa = PBXResourcesBuildPhase;
			buildActionMask = 2147483647;
			files = (
				15FE301A1CDBC2B5005BE6CC /* LaunchScreen.storyboard in Resources */,
				15FE30501CE23CAC005BE6CC /* MAlbumListCell.xib in Resources */,
				15FE304A1CE22462005BE6CC /* MArtistListCell.xib in Resources */,
				15FE30171CDBC2B5005BE6CC /* Assets.xcassets in Resources */,
				15FE30561CE24F90005BE6CC /* MTrackListCell.xib in Resources */,
			);
			runOnlyForDeploymentPostprocessing = 0;
		};
		15FE301E1CDBC2B5005BE6CC /* Resources */ = {
			isa = PBXResourcesBuildPhase;
			buildActionMask = 2147483647;
			files = (
			);
			runOnlyForDeploymentPostprocessing = 0;
		};
		15FE30291CDBC2B5005BE6CC /* Resources */ = {
			isa = PBXResourcesBuildPhase;
			buildActionMask = 2147483647;
			files = (
			);
			runOnlyForDeploymentPostprocessing = 0;
		};
/* End PBXResourcesBuildPhase section */

/* Begin PBXShellScriptBuildPhase section */
		7217BF02788585DEEABA97CB /* Embed Pods Frameworks */ = {
			isa = PBXShellScriptBuildPhase;
			buildActionMask = 2147483647;
			files = (
			);
			inputPaths = (
			);
			name = "Embed Pods Frameworks";
			outputPaths = (
			);
			runOnlyForDeploymentPostprocessing = 0;
			shellPath = /bin/sh;
			shellScript = "\"${SRCROOT}/Pods/Target Support Files/Pods-Muziklen/Pods-Muziklen-frameworks.sh\"\n";
			showEnvVarsInLog = 0;
		};
		BDE5BD20B24A1390B64DCCBF /* Copy Pods Resources */ = {
			isa = PBXShellScriptBuildPhase;
			buildActionMask = 2147483647;
			files = (
			);
			inputPaths = (
			);
			name = "Copy Pods Resources";
			outputPaths = (
			);
			runOnlyForDeploymentPostprocessing = 0;
			shellPath = /bin/sh;
			shellScript = "\"${SRCROOT}/Pods/Target Support Files/Pods-Muziklen/Pods-Muziklen-resources.sh\"\n";
			showEnvVarsInLog = 0;
		};
		D169D2267E18A79C8E562C67 /* Check Pods Manifest.lock */ = {
			isa = PBXShellScriptBuildPhase;
			buildActionMask = 2147483647;
			files = (
			);
			inputPaths = (
			);
			name = "Check Pods Manifest.lock";
			outputPaths = (
			);
			runOnlyForDeploymentPostprocessing = 0;
			shellPath = /bin/sh;
			shellScript = "diff \"${PODS_ROOT}/../Podfile.lock\" \"${PODS_ROOT}/Manifest.lock\" > /dev/null\nif [[ $? != 0 ]] ; then\n    cat << EOM\nerror: The sandbox is not in sync with the Podfile.lock. Run 'pod install' or update your CocoaPods installation.\nEOM\n    exit 1\nfi\n";
			showEnvVarsInLog = 0;
		};
/* End PBXShellScriptBuildPhase section */

/* Begin PBXSourcesBuildPhase section */
		15FE30051CDBC2B5005BE6CC /* Sources */ = {
			isa = PBXSourcesBuildPhase;
			buildActionMask = 2147483647;
			files = (
				15FE30461CDBC91B005BE6CC /* Artist.swift in Sources */,
				15FE303E1CDBC603005BE6CC /* MListViewController.swift in Sources */,
				15FE304F1CE23CAC005BE6CC /* MAlbumListCell.swift in Sources */,
				15FB8C331CF8F78700FFF99D /* Action.swift in Sources */,
				15FE30151CDBC2B5005BE6CC /* Muziklen.xcdatamodeld in Sources */,
				15FE30481CDF2AAB005BE6CC /* MArtistListCell.swift in Sources */,
				15FE305C1CE73B89005BE6CC /* Publisher.swift in Sources */,
				15FE305A1CE70599005BE6CC /* Api.swift in Sources */,
				15FE30551CE24F90005BE6CC /* MTrackListCell.swift in Sources */,
				15FE304C1CE23096005BE6CC /* App.swift in Sources */,
				15FE300D1CDBC2B5005BE6CC /* AppDelegate.swift in Sources */,
			);
			runOnlyForDeploymentPostprocessing = 0;
		};
		15FE301C1CDBC2B5005BE6CC /* Sources */ = {
			isa = PBXSourcesBuildPhase;
			buildActionMask = 2147483647;
			files = (
				15FE30251CDBC2B5005BE6CC /* MListViewControllerTests.swift in Sources */,
			);
			runOnlyForDeploymentPostprocessing = 0;
		};
		15FE30271CDBC2B5005BE6CC /* Sources */ = {
			isa = PBXSourcesBuildPhase;
			buildActionMask = 2147483647;
			files = (
				15FE30301CDBC2B5005BE6CC /* MuziklenUITests.swift in Sources */,
			);
			runOnlyForDeploymentPostprocessing = 0;
		};
/* End PBXSourcesBuildPhase section */

/* Begin PBXTargetDependency section */
		15FE30221CDBC2B5005BE6CC /* PBXTargetDependency */ = {
			isa = PBXTargetDependency;
			target = 15FE30081CDBC2B5005BE6CC /* Muziklen */;
			targetProxy = 15FE30211CDBC2B5005BE6CC /* PBXContainerItemProxy */;
		};
		15FE302D1CDBC2B5005BE6CC /* PBXTargetDependency */ = {
			isa = PBXTargetDependency;
			target = 15FE30081CDBC2B5005BE6CC /* Muziklen */;
			targetProxy = 15FE302C1CDBC2B5005BE6CC /* PBXContainerItemProxy */;
		};
/* End PBXTargetDependency section */

/* Begin PBXVariantGroup section */
		15FE30181CDBC2B5005BE6CC /* LaunchScreen.storyboard */ = {
			isa = PBXVariantGroup;
			children = (
				15FE30191CDBC2B5005BE6CC /* Base */,
			);
			name = LaunchScreen.storyboard;
			sourceTree = "<group>";
		};
/* End PBXVariantGroup section */

/* Begin XCBuildConfiguration section */
		15FE30321CDBC2B5005BE6CC /* Debug */ = {
			isa = XCBuildConfiguration;
			buildSettings = {
				ALWAYS_SEARCH_USER_PATHS = NO;
				CLANG_ANALYZER_NONNULL = YES;
				CLANG_CXX_LANGUAGE_STANDARD = "gnu++0x";
				CLANG_CXX_LIBRARY = "libc++";
				CLANG_ENABLE_MODULES = YES;
				CLANG_ENABLE_OBJC_ARC = YES;
				CLANG_WARN_BOOL_CONVERSION = YES;
				CLANG_WARN_CONSTANT_CONVERSION = YES;
				CLANG_WARN_DIRECT_OBJC_ISA_USAGE = YES_ERROR;
				CLANG_WARN_EMPTY_BODY = YES;
				CLANG_WARN_ENUM_CONVERSION = YES;
				CLANG_WARN_INT_CONVERSION = YES;
				CLANG_WARN_OBJC_ROOT_CLASS = YES_ERROR;
				CLANG_WARN_UNREACHABLE_CODE = YES;
				CLANG_WARN__DUPLICATE_METHOD_MATCH = YES;
				"CODE_SIGN_IDENTITY[sdk=iphoneos*]" = "iPhone Developer";
				COPY_PHASE_STRIP = NO;
				DEBUG_INFORMATION_FORMAT = dwarf;
				ENABLE_STRICT_OBJC_MSGSEND = YES;
				ENABLE_TESTABILITY = YES;
				GCC_C_LANGUAGE_STANDARD = gnu99;
				GCC_DYNAMIC_NO_PIC = NO;
				GCC_NO_COMMON_BLOCKS = YES;
				GCC_OPTIMIZATION_LEVEL = 0;
				GCC_PREPROCESSOR_DEFINITIONS = (
					"DEBUG=1",
					"$(inherited)",
				);
				GCC_WARN_64_TO_32_BIT_CONVERSION = YES;
				GCC_WARN_ABOUT_RETURN_TYPE = YES_ERROR;
				GCC_WARN_UNDECLARED_SELECTOR = YES;
				GCC_WARN_UNINITIALIZED_AUTOS = YES_AGGRESSIVE;
				GCC_WARN_UNUSED_FUNCTION = YES;
				GCC_WARN_UNUSED_VARIABLE = YES;
				IPHONEOS_DEPLOYMENT_TARGET = 9.3;
				MTL_ENABLE_DEBUG_INFO = YES;
				ONLY_ACTIVE_ARCH = YES;
				SDKROOT = iphoneos;
				SWIFT_OPTIMIZATION_LEVEL = "-Onone";
				TARGETED_DEVICE_FAMILY = "1,2";
			};
			name = Debug;
		};
		15FE30331CDBC2B5005BE6CC /* Release */ = {
			isa = XCBuildConfiguration;
			buildSettings = {
				ALWAYS_SEARCH_USER_PATHS = NO;
				CLANG_ANALYZER_NONNULL = YES;
				CLANG_CXX_LANGUAGE_STANDARD = "gnu++0x";
				CLANG_CXX_LIBRARY = "libc++";
				CLANG_ENABLE_MODULES = YES;
				CLANG_ENABLE_OBJC_ARC = YES;
				CLANG_WARN_BOOL_CONVERSION = YES;
				CLANG_WARN_CONSTANT_CONVERSION = YES;
				CLANG_WARN_DIRECT_OBJC_ISA_USAGE = YES_ERROR;
				CLANG_WARN_EMPTY_BODY = YES;
				CLANG_WARN_ENUM_CONVERSION = YES;
				CLANG_WARN_INT_CONVERSION = YES;
				CLANG_WARN_OBJC_ROOT_CLASS = YES_ERROR;
				CLANG_WARN_UNREACHABLE_CODE = YES;
				CLANG_WARN__DUPLICATE_METHOD_MATCH = YES;
				"CODE_SIGN_IDENTITY[sdk=iphoneos*]" = "iPhone Developer";
				COPY_PHASE_STRIP = NO;
				DEBUG_INFORMATION_FORMAT = "dwarf-with-dsym";
				ENABLE_NS_ASSERTIONS = NO;
				ENABLE_STRICT_OBJC_MSGSEND = YES;
				GCC_C_LANGUAGE_STANDARD = gnu99;
				GCC_NO_COMMON_BLOCKS = YES;
				GCC_WARN_64_TO_32_BIT_CONVERSION = YES;
				GCC_WARN_ABOUT_RETURN_TYPE = YES_ERROR;
				GCC_WARN_UNDECLARED_SELECTOR = YES;
				GCC_WARN_UNINITIALIZED_AUTOS = YES_AGGRESSIVE;
				GCC_WARN_UNUSED_FUNCTION = YES;
				GCC_WARN_UNUSED_VARIABLE = YES;
				IPHONEOS_DEPLOYMENT_TARGET = 9.3;
				MTL_ENABLE_DEBUG_INFO = NO;
				SDKROOT = iphoneos;
				TARGETED_DEVICE_FAMILY = "1,2";
				VALIDATE_PRODUCT = YES;
			};
			name = Release;
		};
		15FE30351CDBC2B5005BE6CC /* Debug */ = {
			isa = XCBuildConfiguration;
			baseConfigurationReference = 23AB580B4DE68B4746399946 /* Pods-Muziklen.debug.xcconfig */;
			buildSettings = {
				ASSETCATALOG_COMPILER_APPICON_NAME = AppIcon;
				INFOPLIST_FILE = Muziklen/Info.plist;
				IPHONEOS_DEPLOYMENT_TARGET = 8.3;
				LD_RUNPATH_SEARCH_PATHS = "$(inherited) @executable_path/Frameworks";
				PRODUCT_BUNDLE_IDENTIFIER = com.yortuc.Muziklen;
				PRODUCT_NAME = "$(TARGET_NAME)";
			};
			name = Debug;
		};
		15FE30361CDBC2B5005BE6CC /* Release */ = {
			isa = XCBuildConfiguration;
			baseConfigurationReference = AE8DE55374E3292D85952ED5 /* Pods-Muziklen.release.xcconfig */;
			buildSettings = {
				ASSETCATALOG_COMPILER_APPICON_NAME = AppIcon;
				INFOPLIST_FILE = Muziklen/Info.plist;
				IPHONEOS_DEPLOYMENT_TARGET = 8.3;
				LD_RUNPATH_SEARCH_PATHS = "$(inherited) @executable_path/Frameworks";
				PRODUCT_BUNDLE_IDENTIFIER = com.yortuc.Muziklen;
				PRODUCT_NAME = "$(TARGET_NAME)";
			};
			name = Release;
		};
		15FE30381CDBC2B5005BE6CC /* Debug */ = {
			isa = XCBuildConfiguration;
			buildSettings = {
				BUNDLE_LOADER = "$(TEST_HOST)";
				INFOPLIST_FILE = MuziklenTests/Info.plist;
				LD_RUNPATH_SEARCH_PATHS = "$(inherited) @executable_path/Frameworks @loader_path/Frameworks";
				PRODUCT_BUNDLE_IDENTIFIER = com.yortuc.MuziklenTests;
				PRODUCT_NAME = "$(TARGET_NAME)";
				TEST_HOST = "$(BUILT_PRODUCTS_DIR)/Muziklen.app/Muziklen";
			};
			name = Debug;
		};
		15FE30391CDBC2B5005BE6CC /* Release */ = {
			isa = XCBuildConfiguration;
			buildSettings = {
				BUNDLE_LOADER = "$(TEST_HOST)";
				INFOPLIST_FILE = MuziklenTests/Info.plist;
				LD_RUNPATH_SEARCH_PATHS = "$(inherited) @executable_path/Frameworks @loader_path/Frameworks";
				PRODUCT_BUNDLE_IDENTIFIER = com.yortuc.MuziklenTests;
				PRODUCT_NAME = "$(TARGET_NAME)";
				TEST_HOST = "$(BUILT_PRODUCTS_DIR)/Muziklen.app/Muziklen";
			};
			name = Release;
		};
		15FE303B1CDBC2B5005BE6CC /* Debug */ = {
			isa = XCBuildConfiguration;
			buildSettings = {
				INFOPLIST_FILE = MuziklenUITests/Info.plist;
				LD_RUNPATH_SEARCH_PATHS = "$(inherited) @executable_path/Frameworks @loader_path/Frameworks";
				PRODUCT_BUNDLE_IDENTIFIER = com.yortuc.MuziklenUITests;
				PRODUCT_NAME = "$(TARGET_NAME)";
				TEST_TARGET_NAME = Muziklen;
			};
			name = Debug;
		};
		15FE303C1CDBC2B5005BE6CC /* Release */ = {
			isa = XCBuildConfiguration;
			buildSettings = {
				INFOPLIST_FILE = MuziklenUITests/Info.plist;
				LD_RUNPATH_SEARCH_PATHS = "$(inherited) @executable_path/Frameworks @loader_path/Frameworks";
				PRODUCT_BUNDLE_IDENTIFIER = com.yortuc.MuziklenUITests;
				PRODUCT_NAME = "$(TARGET_NAME)";
				TEST_TARGET_NAME = Muziklen;
			};
			name = Release;
		};
/* End XCBuildConfiguration section */

/* Begin XCConfigurationList section */
		15FE30041CDBC2B5005BE6CC /* Build configuration list for PBXProject "Muziklen" */ = {
			isa = XCConfigurationList;
			buildConfigurations = (
				15FE30321CDBC2B5005BE6CC /* Debug */,
				15FE30331CDBC2B5005BE6CC /* Release */,
			);
			defaultConfigurationIsVisible = 0;
			defaultConfigurationName = Release;
		};
		15FE30341CDBC2B5005BE6CC /* Build configuration list for PBXNativeTarget "Muziklen" */ = {
			isa = XCConfigurationList;
			buildConfigurations = (
				15FE30351CDBC2B5005BE6CC /* Debug */,
				15FE30361CDBC2B5005BE6CC /* Release */,
			);
			defaultConfigurationIsVisible = 0;
			defaultConfigurationName = Release;
		};
		15FE30371CDBC2B5005BE6CC /* Build configuration list for PBXNativeTarget "MuziklenTests" */ = {
			isa = XCConfigurationList;
			buildConfigurations = (
				15FE30381CDBC2B5005BE6CC /* Debug */,
				15FE30391CDBC2B5005BE6CC /* Release */,
			);
			defaultConfigurationIsVisible = 0;
			defaultConfigurationName = Release;
		};
		15FE303A1CDBC2B5005BE6CC /* Build configuration list for PBXNativeTarget "MuziklenUITests" */ = {
			isa = XCConfigurationList;
			buildConfigurations = (
				15FE303B1CDBC2B5005BE6CC /* Debug */,
				15FE303C1CDBC2B5005BE6CC /* Release */,
			);
			defaultConfigurationIsVisible = 0;
			defaultConfigurationName = Release;
		};
/* End XCConfigurationList section */

/* Begin XCVersionGroup section */
		15FE30131CDBC2B5005BE6CC /* Muziklen.xcdatamodeld */ = {
			isa = XCVersionGroup;
			children = (
				15FE30141CDBC2B5005BE6CC /* Muziklen.xcdatamodel */,
			);
			currentVersion = 15FE30141CDBC2B5005BE6CC /* Muziklen.xcdatamodel */;
			path = Muziklen.xcdatamodeld;
			sourceTree = "<group>";
			versionGroupType = wrapper.xcdatamodel;
		};
/* End XCVersionGroup section */
	};
	rootObject = 15FE30011CDBC2B5005BE6CC /* Project object */;
}
